
Microsoft Visual Studio Solution File, Format Version 12.00
# Visual Studio Version 17
VisualStudioVersion = 17.10.35013.160
MinimumVisualStudioVersion = 10.0.40219.1
Project("{FAE04EC0-301F-11D3-BF4B-00C04F79EFBC}") = "Proxy-Server", "Proxy-Server\Proxy-Server.csproj", "{C49643E4-C2E4-4352-8D38-05249BA84915}"
EndProject
Global
	GlobalSection(SolutionConfigurationPlatforms) = preSolution
		Debug|Any CPU = Debug|Any CPU
		Release|Any CPU = Release|Any CPU
	EndGlobalSection
	GlobalSection(ProjectConfigurationPlatforms) = postSolution
		{C49643E4-C2E4-4352-8D38-05249BA84915}.Debug|Any CPU.ActiveCfg = Debug|Any CPU
		{C49643E4-C2E4-4352-8D38-05249BA84915}.Debug|Any CPU.Build.0 = Debug|Any CPU
		{C49643E4-C2E4-4352-8D38-05249BA84915}.Release|Any CPU.ActiveCfg = Release|Any CPU
		{C49643E4-C2E4-4352-8D38-05249BA84915}.Release|Any CPU.Build.0 = Release|Any CPU
	EndGlobalSection
	GlobalSection(SolutionProperties) = preSolution
		HideSolutionNode = FALSE
	EndGlobalSection
	GlobalSection(ExtensibilityGlobals) = postSolution
		SolutionGuid = {7920F5D2-B80D-44DB-9A04-7BD483D959F6}
	EndGlobalSection
EndGlobal
